
Microsoft Visual Studio Solution File, Format Version 12.00
# Visual Studio Version 16
VisualStudioVersion = 16.0.29920.165
MinimumVisualStudioVersion = 10.0.40219.1
Project("{FAE04EC0-301F-11D3-BF4B-00C04F79EFBC}") = "SharpFortress", "SharpFortress\SharpFortress.csproj", "{7FF724B7-EDCA-4225-A258-3E545BDEAF4B}"
EndProject
Global
	GlobalSection(SolutionConfigurationPlatforms) = preSolution
		Debug|Any CPU = Debug|Any CPU
		Release|Any CPU = Release|Any CPU
	EndGlobalSection
	GlobalSection(ProjectConfigurationPlatforms) = postSolution
		{7FF724B7-EDCA-4225-A258-3E545BDEAF4B}.Debug|Any CPU.ActiveCfg = Debug|Any CPU
		{7FF724B7-EDCA-4225-A258-3E545BDEAF4B}.Debug|Any CPU.Build.0 = Debug|Any CPU
		{7FF724B7-EDCA-4225-A258-3E545BDEAF4B}.Release|Any CPU.ActiveCfg = Release|Any CPU
		{7FF724B7-EDCA-4225-A258-3E545BDEAF4B}.Release|Any CPU.Build.0 = Release|Any CPU
	EndGlobalSection
	GlobalSection(SolutionProperties) = preSolution
		HideSolutionNode = FALSE
	EndGlobalSection
	GlobalSection(ExtensibilityGlobals) = postSolution
		SolutionGuid = {D0B6D009-591E-454E-A695-EBA2480573D8}
	EndGlobalSection
EndGlobal
